dependencies:
- name: llama3-2-3b
  repository: file://../llama3.2-3b
  version: 1.0.0
- name: llama-stack
  repository: file://../llama-stack
  version: 1.0.0
- name: mcp-weather
  repository: file://../mcp-weather
  version: 1.0.0
- name: llama-stack-playground
  repository: file://../llama-stack-playground
  version: 1.0.0
- name: hr-enterprise-api
  repository: file://../hr-api
  version: 1.0.0
- name: custom-mcp-server
  repository: file://../custom-mcp-server
  version: 1.0.0
- name: mcp-swiss-transport
  repository: file://../mcp-swiss-transport
  version: 1.0.0
- name: mcp-vienna-transport
  repository: file://../mcp-vienna-transport
  version: 1.0.0
digest: sha256:5513050c3b11fac2bc65c827f90f30732a680fb6446e9bc89578783cbd19acf1
generated: "2025-09-25T11:10:35.683513516+02:00"
