dependencies:
- name: llama3-2-3b
  repository: file://../llama3.2-3b
  version: 1.0.0
- name: llama-stack
  repository: file://../llama-stack
  version: 1.0.0
- name: mcp-weather
  repository: file://../mcp-weather
  version: 1.0.0
- name: llama-stack-playground
  repository: file://../llama-stack-playground
  version: 1.0.0
- name: hr-enterprise-api
  repository: file://../hr-api
  version: 1.0.0
- name: custom-mcp-server
  repository: file://../custom-mcp-server
  version: 1.0.0
- name: mcp-swiss-transport
  repository: file://../mcp-swiss-transport
  version: 1.0.0
- name: mcp-vienna-transport
  repository: file://../mcp-vienna-transport
  version: 1.0.0
- name: mcp-riyadh-transport
  repository: file://../mcp-riyadh-transport
  version: 1.0.0
- name: mcp-stockholm-transport
  repository: file://../mcp-stockholm-transport
  version: 1.0.0
- name: mcp-helsinki-transport
  repository: file://../mcp-helsinki-transport
  version: 1.0.0
digest: sha256:075783982ab11db2ebc56de42a69e82de1dc207cd7af8d2b257aeef00c1b9585
generated: "2025-10-22T00:36:09.634195454+02:00"
