dependencies:
- name: llama3-2-3b
  repository: file://../llama3.2-3b
  version: 1.0.0
- name: llama-stack
  repository: file://../llama-stack
  version: 1.0.0
- name: mcp-weather
  repository: file://../mcp-weather
  version: 1.0.0
- name: llama-stack-playground
  repository: file://../llama-stack-playground
  version: 1.0.0
- name: hr-enterprise-api
  repository: file://../hr-api
  version: 1.0.0
- name: custom-mcp-server
  repository: file://../custom-mcp-server
  version: 1.0.0
- name: mcp-swiss-transport
  repository: file://../mcp-swiss-transport
  version: 1.0.0
- name: mcp-vienna-transport
  repository: file://../mcp-vienna-transport
  version: 1.0.0
- name: mcp-riyadh-transport
  repository: file://../mcp-riyadh-transport
  version: 1.0.0
digest: sha256:3750003846047f749e12acc7455f1ed9ee776f9401d4c5c06c5ae1a2bcffd00b
generated: "2025-09-26T12:17:44.553675291+02:00"
